// !$*UTF8*$!
{
	archiveVersion = 1;
	classes = {
	};
	objectVersion = 46;
	objects = {

/* Begin PBXBuildFile section */
		253EABDFA2DE0EB27B21F66F /* Pods_travel.framework in Frameworks */ = {isa = PBXBuildFile; fileRef = 659B0117382EFD66A9611ABE /* Pods_travel.framework */; };
		3F0627CA1EB16773005B2DB7 /* Destination.swift in Sources */ = {isa = PBXBuildFile; fileRef = 3F0627C91EB16773005B2DB7 /* Destination.swift */; };
		3F0627CC1EB16852005B2DB7 /* Flight.swift in Sources */ = {isa = PBXBuildFile; fileRef = 3F0627CB1EB16852005B2DB7 /* Flight.swift */; };
		3FFC03671EACF1FF0044AB9C /* Place.swift in Sources */ = {isa = PBXBuildFile; fileRef = 3FFC03651EACF1FF0044AB9C /* Place.swift */; };
		3FFC03681EACF1FF0044AB9C /* Quote.swift in Sources */ = {isa = PBXBuildFile; fileRef = 3FFC03661EACF1FF0044AB9C /* Quote.swift */; };
		3FFC036A1EACF20A0044AB9C /* Carrier.swift in Sources */ = {isa = PBXBuildFile; fileRef = 3FFC03691EACF20A0044AB9C /* Carrier.swift */; };
		3FFC036C1EACF2130044AB9C /* Currency.swift in Sources */ = {isa = PBXBuildFile; fileRef = 3FFC036B1EACF2130044AB9C /* Currency.swift */; };
		3FFC036E1EACF46B0044AB9C /* OutboundLeg.swift in Sources */ = {isa = PBXBuildFile; fileRef = 3FFC036D1EACF46B0044AB9C /* OutboundLeg.swift */; };
		3FFC03701EACF47B0044AB9C /* InboundLeg.swift in Sources */ = {isa = PBXBuildFile; fileRef = 3FFC036F1EACF47B0044AB9C /* InboundLeg.swift */; };
		3FFC03721EAD15E30044AB9C /* CityViewController.swift in Sources */ = {isa = PBXBuildFile; fileRef = 3FFC03711EAD15E30044AB9C /* CityViewController.swift */; };
		860EFD441EBA350D002736B7 /* CoreLocation.framework in Frameworks */ = {isa = PBXBuildFile; fileRef = 860EFD431EBA350D002736B7 /* CoreLocation.framework */; };
		860EFD461EBA3EDB002736B7 /* Images.xcassets in Resources */ = {isa = PBXBuildFile; fileRef = 860EFD451EBA3EDB002736B7 /* Images.xcassets */; };
		86769EF21E9F95530083EB76 /* AppDelegate.swift in Sources */ = {isa = PBXBuildFile; fileRef = 86769EF11E9F95530083EB76 /* AppDelegate.swift */; };
		86769EF41E9F95530083EB76 /* ViewController.swift in Sources */ = {isa = PBXBuildFile; fileRef = 86769EF31E9F95530083EB76 /* ViewController.swift */; };
		86769EF71E9F95530083EB76 /* Main.storyboard in Resources */ = {isa = PBXBuildFile; fileRef = 86769EF51E9F95530083EB76 /* Main.storyboard */; };
		86769EFA1E9F95530083EB76 /* travel.xcdatamodeld in Sources */ = {isa = PBXBuildFile; fileRef = 86769EF81E9F95530083EB76 /* travel.xcdatamodeld */; };
		86769F071E9F9B0D0083EB76 /* HomePageViewController.swift in Sources */ = {isa = PBXBuildFile; fileRef = 86769F061E9F9B0D0083EB76 /* HomePageViewController.swift */; };
		86769F091E9FABFA0083EB76 /* CityTableViewCell.swift in Sources */ = {isa = PBXBuildFile; fileRef = 86769F081E9FABFA0083EB76 /* CityTableViewCell.swift */; };
		86769F0D1E9FB1400083EB76 /* CityDataSource.swift in Sources */ = {isa = PBXBuildFile; fileRef = 86769F0C1E9FB1400083EB76 /* CityDataSource.swift */; };
		869BE32D1EC5CEAD00EB1779 /* GoogleService-Info.plist in Resources */ = {isa = PBXBuildFile; fileRef = 869BE32C1EC5CEAD00EB1779 /* GoogleService-Info.plist */; };
		9209B6271FCB2A4D003B6C23 /* UserProfileController.swift in Sources */ = {isa = PBXBuildFile; fileRef = 9209B6261FCB2A4D003B6C23 /* UserProfileController.swift */; };
		9209B6291FCB2D11003B6C23 /* UserTabController.swift in Sources */ = {isa = PBXBuildFile; fileRef = 9209B6281FCB2D11003B6C23 /* UserTabController.swift */; };
		9209B62B1FCB2DAF003B6C23 /* UserProfileTab.swift in Sources */ = {isa = PBXBuildFile; fileRef = 9209B62A1FCB2DAF003B6C23 /* UserProfileTab.swift */; };
		9217B08B1EAFD8ED0081137E /* CityDetailViewController.swift in Sources */ = {isa = PBXBuildFile; fileRef = 9217B08A1EAFD8ED0081137E /* CityDetailViewController.swift */; };
		92206C311FD37B7800AF09CA /* SavedLocationsController.swift in Sources */ = {isa = PBXBuildFile; fileRef = 92206C301FD37B7700AF09CA /* SavedLocationsController.swift */; };
		9234C7861EC3915600A4DB6A /* RegistrationViewController.swift in Sources */ = {isa = PBXBuildFile; fileRef = 9234C7851EC3915600A4DB6A /* RegistrationViewController.swift */; };
		924195631FCF430600C0899D /* UserTabDelegate.swift in Sources */ = {isa = PBXBuildFile; fileRef = 924195621FCF430600C0899D /* UserTabDelegate.swift */; };
		927A81511ED046DC0026841B /* MainNavigationController.swift in Sources */ = {isa = PBXBuildFile; fileRef = 927A81501ED046DC0026841B /* MainNavigationController.swift */; };
		927A81531ED04A630026841B /* File.swift in Sources */ = {isa = PBXBuildFile; fileRef = 927A81521ED04A630026841B /* File.swift */; };
		9297359B1FFCFD7000F0417B /* CityCell.swift in Sources */ = {isa = PBXBuildFile; fileRef = 9297359A1FFCFD7000F0417B /* CityCell.swift */; };
		9297359D1FFD4AA300F0417B /* CityAttractionCell.swift in Sources */ = {isa = PBXBuildFile; fileRef = 9297359C1FFD4AA300F0417B /* CityAttractionCell.swift */; };
		9297359F1FFD4AC900F0417B /* CityAttractionController.swift in Sources */ = {isa = PBXBuildFile; fileRef = 9297359E1FFD4AC900F0417B /* CityAttractionController.swift */; };
		92FBACFF1ED255C50088EFA6 /* Launch Screen.storyboard in Resources */ = {isa = PBXBuildFile; fileRef = 92FBACFE1ED255C50088EFA6 /* Launch Screen.storyboard */; };
/* End PBXBuildFile section */

/* Begin PBXFileReference section */
		3F0627C91EB16773005B2DB7 /* Destination.swift */ = {isa = PBXFileReference; fileEncoding = 4; lastKnownFileType = sourcecode.swift; path = Destination.swift; sourceTree = "<group>"; };
		3F0627CB1EB16852005B2DB7 /* Flight.swift */ = {isa = PBXFileReference; fileEncoding = 4; lastKnownFileType = sourcecode.swift; path = Flight.swift; sourceTree = "<group>"; };
		3FFC03651EACF1FF0044AB9C /* Place.swift */ = {isa = PBXFileReference; fileEncoding = 4; lastKnownFileType = sourcecode.swift; path = Place.swift; sourceTree = "<group>"; };
		3FFC03661EACF1FF0044AB9C /* Quote.swift */ = {isa = PBXFileReference; fileEncoding = 4; lastKnownFileType = sourcecode.swift; path = Quote.swift; sourceTree = "<group>"; };
		3FFC03691EACF20A0044AB9C /* Carrier.swift */ = {isa = PBXFileReference; fileEncoding = 4; lastKnownFileType = sourcecode.swift; path = Carrier.swift; sourceTree = "<group>"; };
		3FFC036B1EACF2130044AB9C /* Currency.swift */ = {isa = PBXFileReference; fileEncoding = 4; lastKnownFileType = sourcecode.swift; path = Currency.swift; sourceTree = "<group>"; };
		3FFC036D1EACF46B0044AB9C /* OutboundLeg.swift */ = {isa = PBXFileReference; fileEncoding = 4; lastKnownFileType = sourcecode.swift; path = OutboundLeg.swift; sourceTree = "<group>"; };
		3FFC036F1EACF47B0044AB9C /* InboundLeg.swift */ = {isa = PBXFileReference; fileEncoding = 4; lastKnownFileType = sourcecode.swift; path = InboundLeg.swift; sourceTree = "<group>"; };
		3FFC03711EAD15E30044AB9C /* CityViewController.swift */ = {isa = PBXFileReference; fileEncoding = 4; lastKnownFileType = sourcecode.swift; path = CityViewController.swift; sourceTree = "<group>"; };
		5ACFCC483211BC349BA226B3 /* Pods-travel.release.xcconfig */ = {isa = PBXFileReference; includeInIndex = 1; lastKnownFileType = text.xcconfig; name = "Pods-travel.release.xcconfig"; path = "Pods/Target Support Files/Pods-travel/Pods-travel.release.xcconfig"; sourceTree = "<group>"; };
		659B0117382EFD66A9611ABE /* Pods_travel.framework */ = {isa = PBXFileReference; explicitFileType = wrapper.framework; includeInIndex = 0; path = Pods_travel.framework; sourceTree = BUILT_PRODUCTS_DIR; };
		860EFD431EBA350D002736B7 /* CoreLocation.framework */ = {isa = PBXFileReference; lastKnownFileType = wrapper.framework; name = CoreLocation.framework; path = System/Library/Frameworks/CoreLocation.framework; sourceTree = SDKROOT; };
		860EFD451EBA3EDB002736B7 /* Images.xcassets */ = {isa = PBXFileReference; lastKnownFileType = folder.assetcatalog; path = Images.xcassets; sourceTree = "<group>"; };
		86769EEE1E9F95530083EB76 /* travel.app */ = {isa = PBXFileReference; explicitFileType = wrapper.application; includeInIndex = 0; path = travel.app; sourceTree = BUILT_PRODUCTS_DIR; };
		86769EF11E9F95530083EB76 /* AppDelegate.swift */ = {isa = PBXFileReference; lastKnownFileType = sourcecode.swift; path = AppDelegate.swift; sourceTree = "<group>"; };
		86769EF31E9F95530083EB76 /* ViewController.swift */ = {isa = PBXFileReference; lastKnownFileType = sourcecode.swift; path = ViewController.swift; sourceTree = "<group>"; };
		86769EF61E9F95530083EB76 /* Base */ = {isa = PBXFileReference; lastKnownFileType = file.storyboard; name = Base; path = Base.lproj/Main.storyboard; sourceTree = "<group>"; };
		86769EF91E9F95530083EB76 /* travel.xcdatamodel */ = {isa = PBXFileReference; lastKnownFileType = wrapper.xcdatamodel; path = travel.xcdatamodel; sourceTree = "<group>"; };
		86769F001E9F95530083EB76 /* Info.plist */ = {isa = PBXFileReference; lastKnownFileType = text.plist.xml; path = Info.plist; sourceTree = "<group>"; };
		86769F061E9F9B0D0083EB76 /* HomePageViewController.swift */ = {isa = PBXFileReference; fileEncoding = 4; lastKnownFileType = sourcecode.swift; path = HomePageViewController.swift; sourceTree = "<group>"; xcLanguageSpecificationIdentifier = xcode.lang.swift; };
		86769F081E9FABFA0083EB76 /* CityTableViewCell.swift */ = {isa = PBXFileReference; fileEncoding = 4; lastKnownFileType = sourcecode.swift; path = CityTableViewCell.swift; sourceTree = "<group>"; };
		86769F0C1E9FB1400083EB76 /* CityDataSource.swift */ = {isa = PBXFileReference; fileEncoding = 4; lastKnownFileType = sourcecode.swift; path = CityDataSource.swift; sourceTree = "<group>"; };
		869BE32C1EC5CEAD00EB1779 /* GoogleService-Info.plist */ = {isa = PBXFileReference; fileEncoding = 4; lastKnownFileType = text.plist.xml; path = "GoogleService-Info.plist"; sourceTree = "<group>"; };
		9209B6261FCB2A4D003B6C23 /* UserProfileController.swift */ = {isa = PBXFileReference; fileEncoding = 4; lastKnownFileType = sourcecode.swift; path = UserProfileController.swift; sourceTree = "<group>"; };
		9209B6281FCB2D11003B6C23 /* UserTabController.swift */ = {isa = PBXFileReference; fileEncoding = 4; lastKnownFileType = sourcecode.swift; path = UserTabController.swift; sourceTree = "<group>"; };
		9209B62A1FCB2DAF003B6C23 /* UserProfileTab.swift */ = {isa = PBXFileReference; fileEncoding = 4; lastKnownFileType = sourcecode.swift; path = UserProfileTab.swift; sourceTree = "<group>"; };
		9217B08A1EAFD8ED0081137E /* CityDetailViewController.swift */ = {isa = PBXFileReference; fileEncoding = 4; lastKnownFileType = sourcecode.swift; path = CityDetailViewController.swift; sourceTree = "<group>"; xcLanguageSpecificationIdentifier = xcode.lang.c; };
		92206C301FD37B7700AF09CA /* SavedLocationsController.swift */ = {isa = PBXFileReference; fileEncoding = 4; lastKnownFileType = sourcecode.swift; path = SavedLocationsController.swift; sourceTree = "<group>"; };
		9234C7851EC3915600A4DB6A /* RegistrationViewController.swift */ = {isa = PBXFileReference; fileEncoding = 4; lastKnownFileType = sourcecode.swift; path = RegistrationViewController.swift; sourceTree = "<group>"; };
		924195621FCF430600C0899D /* UserTabDelegate.swift */ = {isa = PBXFileReference; fileEncoding = 4; lastKnownFileType = sourcecode.swift; path = UserTabDelegate.swift; sourceTree = "<group>"; };
		927A81501ED046DC0026841B /* MainNavigationController.swift */ = {isa = PBXFileReference; fileEncoding = 4; lastKnownFileType = sourcecode.swift; path = MainNavigationController.swift; sourceTree = "<group>"; };
		927A81521ED04A630026841B /* File.swift */ = {isa = PBXFileReference; fileEncoding = 4; lastKnownFileType = sourcecode.swift; path = File.swift; sourceTree = "<group>"; };
		9297359A1FFCFD7000F0417B /* CityCell.swift */ = {isa = PBXFileReference; fileEncoding = 4; lastKnownFileType = sourcecode.swift; path = CityCell.swift; sourceTree = "<group>"; };
		9297359C1FFD4AA300F0417B /* CityAttractionCell.swift */ = {isa = PBXFileReference; fileEncoding = 4; lastKnownFileType = sourcecode.swift; path = CityAttractionCell.swift; sourceTree = "<group>"; };
		9297359E1FFD4AC900F0417B /* CityAttractionController.swift */ = {isa = PBXFileReference; fileEncoding = 4; lastKnownFileType = sourcecode.swift; path = CityAttractionController.swift; sourceTree = "<group>"; };
		92FBACFE1ED255C50088EFA6 /* Launch Screen.storyboard */ = {isa = PBXFileReference; fileEncoding = 4; lastKnownFileType = file.storyboard; path = "Launch Screen.storyboard"; sourceTree = "<group>"; };
		BBDE1C737084CA610A406D1B /* Pods-travel.debug.xcconfig */ = {isa = PBXFileReference; includeInIndex = 1; lastKnownFileType = text.xcconfig; name = "Pods-travel.debug.xcconfig"; path = "Pods/Target Support Files/Pods-travel/Pods-travel.debug.xcconfig"; sourceTree = "<group>"; };
/* End PBXFileReference section */

/* Begin PBXFrameworksBuildPhase section */
		86769EEB1E9F95530083EB76 /* Frameworks */ = {
			isa = PBXFrameworksBuildPhase;
			buildActionMask = 2147483647;
			files = (
				860EFD441EBA350D002736B7 /* CoreLocation.framework in Frameworks */,
				253EABDFA2DE0EB27B21F66F /* Pods_travel.framework in Frameworks */,
			);
			runOnlyForDeploymentPostprocessing = 0;
		};
/* End PBXFrameworksBuildPhase section */

/* Begin PBXGroup section */
		860EFD421EBA350C002736B7 /* Frameworks */ = {
			isa = PBXGroup;
			children = (
				860EFD431EBA350D002736B7 /* CoreLocation.framework */,
				659B0117382EFD66A9611ABE /* Pods_travel.framework */,
			);
			name = Frameworks;
			sourceTree = "<group>";
		};
		86769EE51E9F95520083EB76 = {
			isa = PBXGroup;
			children = (
				92FBACFE1ED255C50088EFA6 /* Launch Screen.storyboard */,
				860EFD451EBA3EDB002736B7 /* Images.xcassets */,
				3FFC036B1EACF2130044AB9C /* Currency.swift */,
				3FFC03691EACF20A0044AB9C /* Carrier.swift */,
				3FFC03661EACF1FF0044AB9C /* Quote.swift */,
				3FFC03651EACF1FF0044AB9C /* Place.swift */,
				9297359A1FFCFD7000F0417B /* CityCell.swift */,
				86769EF01E9F95530083EB76 /* travel */,
				86769EEF1E9F95530083EB76 /* Products */,
				860EFD421EBA350C002736B7 /* Frameworks */,
				8FAD6EA05899B4F4174307F6 /* Pods */,
			);
			sourceTree = "<group>";
		};
		86769EEF1E9F95530083EB76 /* Products */ = {
			isa = PBXGroup;
			children = (
				86769EEE1E9F95530083EB76 /* travel.app */,
			);
			name = Products;
			sourceTree = "<group>";
		};
		86769EF01E9F95530083EB76 /* travel */ = {
			isa = PBXGroup;
			children = (
				86769EF11E9F95530083EB76 /* AppDelegate.swift */,
				9297359C1FFD4AA300F0417B /* CityAttractionCell.swift */,
				9297359E1FFD4AC900F0417B /* CityAttractionController.swift */,
				86769F0C1E9FB1400083EB76 /* CityDataSource.swift */,
				9217B08A1EAFD8ED0081137E /* CityDetailViewController.swift */,
				86769F081E9FABFA0083EB76 /* CityTableViewCell.swift */,
				3FFC03711EAD15E30044AB9C /* CityViewController.swift */,
				3F0627C91EB16773005B2DB7 /* Destination.swift */,
				927A81521ED04A630026841B /* File.swift */,
				3F0627CB1EB16852005B2DB7 /* Flight.swift */,
				869BE32C1EC5CEAD00EB1779 /* GoogleService-Info.plist */,
				86769F061E9F9B0D0083EB76 /* HomePageViewController.swift */,
				3FFC036F1EACF47B0044AB9C /* InboundLeg.swift */,
				86769F001E9F95530083EB76 /* Info.plist */,
				86769EF51E9F95530083EB76 /* Main.storyboard */,
				927A81501ED046DC0026841B /* MainNavigationController.swift */,
				9272CD921FD71CE3004A3EF2 /* New Group */,
				3FFC036D1EACF46B0044AB9C /* OutboundLeg.swift */,
				9234C7851EC3915600A4DB6A /* RegistrationViewController.swift */,
				92206C301FD37B7700AF09CA /* SavedLocationsController.swift */,
				86769EF81E9F95530083EB76 /* travel.xcdatamodeld */,
				9209B6261FCB2A4D003B6C23 /* UserProfileController.swift */,
				9209B62A1FCB2DAF003B6C23 /* UserProfileTab.swift */,
				9209B6281FCB2D11003B6C23 /* UserTabController.swift */,
				924195621FCF430600C0899D /* UserTabDelegate.swift */,
				86769EF31E9F95530083EB76 /* ViewController.swift */,
			);
			path = travel;
			sourceTree = "<group>";
		};
		8FAD6EA05899B4F4174307F6 /* Pods */ = {
			isa = PBXGroup;
			children = (
				BBDE1C737084CA610A406D1B /* Pods-travel.debug.xcconfig */,
				5ACFCC483211BC349BA226B3 /* Pods-travel.release.xcconfig */,
			);
			name = Pods;
			sourceTree = "<group>";
		};
		9272CD921FD71CE3004A3EF2 /* New Group */ = {
			isa = PBXGroup;
			children = (
			);
			name = "New Group";
			sourceTree = "<group>";
		};
/* End PBXGroup section */

/* Begin PBXNativeTarget section */
		86769EED1E9F95530083EB76 /* travel */ = {
			isa = PBXNativeTarget;
			buildConfigurationList = 86769F031E9F95530083EB76 /* Build configuration list for PBXNativeTarget "travel" */;
			buildPhases = (
				32A34BAB52E6070CD7F60BD8 /* [CP] Check Pods Manifest.lock */,
				86769EEA1E9F95530083EB76 /* Sources */,
				86769EEB1E9F95530083EB76 /* Frameworks */,
				86769EEC1E9F95530083EB76 /* Resources */,
				8F030F2D829062BD3E32C051 /* [CP] Embed Pods Frameworks */,
				08203E064F38BFD222E90535 /* [CP] Copy Pods Resources */,
			);
			buildRules = (
			);
			dependencies = (
			);
			name = travel;
			productName = travel;
			productReference = 86769EEE1E9F95530083EB76 /* travel.app */;
			productType = "com.apple.product-type.application";
		};
/* End PBXNativeTarget section */

/* Begin PBXProject section */
		86769EE61E9F95520083EB76 /* Project object */ = {
			isa = PBXProject;
			attributes = {
				LastSwiftUpdateCheck = 0830;
				LastUpgradeCheck = 0830;
				ORGANIZATIONNAME = "Ata Aygen";
				TargetAttributes = {
					86769EED1E9F95530083EB76 = {
						CreatedOnToolsVersion = 8.3.1;
						DevelopmentTeam = 7X39ZGGNY8;
						LastSwiftMigration = 0830;
						ProvisioningStyle = Automatic;
					};
				};
			};
			buildConfigurationList = 86769EE91E9F95520083EB76 /* Build configuration list for PBXProject "travel" */;
			compatibilityVersion = "Xcode 3.2";
			developmentRegion = English;
			hasScannedForEncodings = 0;
			knownRegions = (
				en,
				Base,
			);
			mainGroup = 86769EE51E9F95520083EB76;
			productRefGroup = 86769EEF1E9F95530083EB76 /* Products */;
			projectDirPath = "";
			projectRoot = "";
			targets = (
				86769EED1E9F95530083EB76 /* travel */,
			);
		};
/* End PBXProject section */

/* Begin PBXResourcesBuildPhase section */
		86769EEC1E9F95530083EB76 /* Resources */ = {
			isa = PBXResourcesBuildPhase;
			buildActionMask = 2147483647;
			files = (
				86769EF71E9F95530083EB76 /* Main.storyboard in Resources */,
				860EFD461EBA3EDB002736B7 /* Images.xcassets in Resources */,
				92FBACFF1ED255C50088EFA6 /* Launch Screen.storyboard in Resources */,
				869BE32D1EC5CEAD00EB1779 /* GoogleService-Info.plist in Resources */,
			);
			runOnlyForDeploymentPostprocessing = 0;
		};
/* End PBXResourcesBuildPhase section */

/* Begin PBXShellScriptBuildPhase section */
		08203E064F38BFD222E90535 /* [CP] Copy Pods Resources */ = {
			isa = PBXShellScriptBuildPhase;
			buildActionMask = 2147483647;
			files = (
			);
			inputPaths = (
			);
			name = "[CP] Copy Pods Resources";
			outputPaths = (
			);
			runOnlyForDeploymentPostprocessing = 0;
			shellPath = /bin/sh;
			shellScript = "\"${SRCROOT}/Pods/Target Support Files/Pods-travel/Pods-travel-resources.sh\"\n";
			showEnvVarsInLog = 0;
		};
		32A34BAB52E6070CD7F60BD8 /* [CP] Check Pods Manifest.lock */ = {
			isa = PBXShellScriptBuildPhase;
			buildActionMask = 2147483647;
			files = (
			);
			inputPaths = (
			);
			name = "[CP] Check Pods Manifest.lock";
			outputPaths = (
			);
			runOnlyForDeploymentPostprocessing = 0;
			shellPath = /bin/sh;
			shellScript = "diff \"${PODS_PODFILE_DIR_PATH}/Podfile.lock\" \"${PODS_ROOT}/Manifest.lock\" > /dev/null\nif [ $? != 0 ] ; then\n    # print error to STDERR\n    echo \"error: The sandbox is not in sync with the Podfile.lock. Run 'pod install' or update your CocoaPods installation.\" >&2\n    exit 1\nfi\n";
			showEnvVarsInLog = 0;
		};
		8F030F2D829062BD3E32C051 /* [CP] Embed Pods Frameworks */ = {
			isa = PBXShellScriptBuildPhase;
			buildActionMask = 2147483647;
			files = (
			);
			inputPaths = (
			);
			name = "[CP] Embed Pods Frameworks";
			outputPaths = (
			);
			runOnlyForDeploymentPostprocessing = 0;
			shellPath = /bin/sh;
			shellScript = "\"${SRCROOT}/Pods/Target Support Files/Pods-travel/Pods-travel-frameworks.sh\"\n";
			showEnvVarsInLog = 0;
		};
/* End PBXShellScriptBuildPhase section */

/* Begin PBXSourcesBuildPhase section */
		86769EEA1E9F95530083EB76 /* Sources */ = {
			isa = PBXSourcesBuildPhase;
			buildActionMask = 2147483647;
			files = (
				927A81511ED046DC0026841B /* MainNavigationController.swift in Sources */,
				9297359D1FFD4AA300F0417B /* CityAttractionCell.swift in Sources */,
				86769F071E9F9B0D0083EB76 /* HomePageViewController.swift in Sources */,
				9297359F1FFD4AC900F0417B /* CityAttractionController.swift in Sources */,
				86769EF41E9F95530083EB76 /* ViewController.swift in Sources */,
				3F0627CA1EB16773005B2DB7 /* Destination.swift in Sources */,
				92206C311FD37B7800AF09CA /* SavedLocationsController.swift in Sources */,
				3FFC036A1EACF20A0044AB9C /* Carrier.swift in Sources */,
				9217B08B1EAFD8ED0081137E /* CityDetailViewController.swift in Sources */,
				3F0627CC1EB16852005B2DB7 /* Flight.swift in Sources */,
				3FFC03671EACF1FF0044AB9C /* Place.swift in Sources */,
				3FFC03681EACF1FF0044AB9C /* Quote.swift in Sources */,
				9234C7861EC3915600A4DB6A /* RegistrationViewController.swift in Sources */,
				9209B62B1FCB2DAF003B6C23 /* UserProfileTab.swift in Sources */,
				3FFC036C1EACF2130044AB9C /* Currency.swift in Sources */,
				924195631FCF430600C0899D /* UserTabDelegate.swift in Sources */,
				86769F091E9FABFA0083EB76 /* CityTableViewCell.swift in Sources */,
				3FFC03701EACF47B0044AB9C /* InboundLeg.swift in Sources */,
				9297359B1FFCFD7000F0417B /* CityCell.swift in Sources */,
				3FFC036E1EACF46B0044AB9C /* OutboundLeg.swift in Sources */,
				86769EFA1E9F95530083EB76 /* travel.xcdatamodeld in Sources */,
				86769F0D1E9FB1400083EB76 /* CityDataSource.swift in Sources */,
				86769EF21E9F95530083EB76 /* AppDelegate.swift in Sources */,
				927A81531ED04A630026841B /* File.swift in Sources */,
				9209B6291FCB2D11003B6C23 /* UserTabController.swift in Sources */,
				9209B6271FCB2A4D003B6C23 /* UserProfileController.swift in Sources */,
				3FFC03721EAD15E30044AB9C /* CityViewController.swift in Sources */,
			);
			runOnlyForDeploymentPostprocessing = 0;
		};
/* End PBXSourcesBuildPhase section */

/* Begin PBXVariantGroup section */
		86769EF51E9F95530083EB76 /* Main.storyboard */ = {
			isa = PBXVariantGroup;
			children = (
				86769EF61E9F95530083EB76 /* Base */,
			);
			name = Main.storyboard;
			sourceTree = "<group>";
		};
/* End PBXVariantGroup section */

/* Begin XCBuildConfiguration section */
		86769F011E9F95530083EB76 /* Debug */ = {
			isa = XCBuildConfiguration;
			buildSettings = {
				ALWAYS_SEARCH_USER_PATHS = NO;
				CLANG_ANALYZER_NONNULL = YES;
				CLANG_ANALYZER_NUMBER_OBJECT_CONVERSION = YES_AGGRESSIVE;
				CLANG_CXX_LANGUAGE_STANDARD = "gnu++0x";
				CLANG_CXX_LIBRARY = "libc++";
				CLANG_ENABLE_MODULES = YES;
				CLANG_ENABLE_OBJC_ARC = YES;
				CLANG_WARN_BOOL_CONVERSION = YES;
				CLANG_WARN_CONSTANT_CONVERSION = YES;
				CLANG_WARN_DIRECT_OBJC_ISA_USAGE = YES_ERROR;
				CLANG_WARN_DOCUMENTATION_COMMENTS = YES;
				CLANG_WARN_EMPTY_BODY = YES;
				CLANG_WARN_ENUM_CONVERSION = YES;
				CLANG_WARN_INFINITE_RECURSION = YES;
				CLANG_WARN_INT_CONVERSION = YES;
				CLANG_WARN_OBJC_ROOT_CLASS = YES_ERROR;
				CLANG_WARN_SUSPICIOUS_MOVE = YES;
				CLANG_WARN_UNREACHABLE_CODE = YES;
				CLANG_WARN__DUPLICATE_METHOD_MATCH = YES;
				"CODE_SIGN_IDENTITY[sdk=iphoneos*]" = "iPhone Developer";
				COPY_PHASE_STRIP = NO;
				DEBUG_INFORMATION_FORMAT = dwarf;
				ENABLE_STRICT_OBJC_MSGSEND = YES;
				ENABLE_TESTABILITY = YES;
				GCC_C_LANGUAGE_STANDARD = gnu99;
				GCC_DYNAMIC_NO_PIC = NO;
				GCC_NO_COMMON_BLOCKS = YES;
				GCC_OPTIMIZATION_LEVEL = 0;
				GCC_PREPROCESSOR_DEFINITIONS = (
					"DEBUG=1",
					"$(inherited)",
				);
				GCC_WARN_64_TO_32_BIT_CONVERSION = YES;
				GCC_WARN_ABOUT_RETURN_TYPE = YES_ERROR;
				GCC_WARN_UNDECLARED_SELECTOR = YES;
				GCC_WARN_UNINITIALIZED_AUTOS = YES_AGGRESSIVE;
				GCC_WARN_UNUSED_FUNCTION = YES;
				GCC_WARN_UNUSED_VARIABLE = YES;
				IPHONEOS_DEPLOYMENT_TARGET = 10.3;
				MTL_ENABLE_DEBUG_INFO = YES;
				ONLY_ACTIVE_ARCH = YES;
				SDKROOT = iphoneos;
				SWIFT_ACTIVE_COMPILATION_CONDITIONS = DEBUG;
				SWIFT_OPTIMIZATION_LEVEL = "-Onone";
			};
			name = Debug;
		};
		86769F021E9F95530083EB76 /* Release */ = {
			isa = XCBuildConfiguration;
			buildSettings = {
				ALWAYS_SEARCH_USER_PATHS = NO;
				CLANG_ANALYZER_NONNULL = YES;
				CLANG_ANALYZER_NUMBER_OBJECT_CONVERSION = YES_AGGRESSIVE;
				CLANG_CXX_LANGUAGE_STANDARD = "gnu++0x";
				CLANG_CXX_LIBRARY = "libc++";
				CLANG_ENABLE_MODULES = YES;
				CLANG_ENABLE_OBJC_ARC = YES;
				CLANG_WARN_BOOL_CONVERSION = YES;
				CLANG_WARN_CONSTANT_CONVERSION = YES;
				CLANG_WARN_DIRECT_OBJC_ISA_USAGE = YES_ERROR;
				CLANG_WARN_DOCUMENTATION_COMMENTS = YES;
				CLANG_WARN_EMPTY_BODY = YES;
				CLANG_WARN_ENUM_CONVERSION = YES;
				CLANG_WARN_INFINITE_RECURSION = YES;
				CLANG_WARN_INT_CONVERSION = YES;
				CLANG_WARN_OBJC_ROOT_CLASS = YES_ERROR;
				CLANG_WARN_SUSPICIOUS_MOVE = YES;
				CLANG_WARN_UNREACHABLE_CODE = YES;
				CLANG_WARN__DUPLICATE_METHOD_MATCH = YES;
				"CODE_SIGN_IDENTITY[sdk=iphoneos*]" = "iPhone Developer";
				COPY_PHASE_STRIP = NO;
				DEBUG_INFORMATION_FORMAT = "dwarf-with-dsym";
				ENABLE_NS_ASSERTIONS = NO;
				ENABLE_STRICT_OBJC_MSGSEND = YES;
				GCC_C_LANGUAGE_STANDARD = gnu99;
				GCC_NO_COMMON_BLOCKS = YES;
				GCC_WARN_64_TO_32_BIT_CONVERSION = YES;
				GCC_WARN_ABOUT_RETURN_TYPE = YES_ERROR;
				GCC_WARN_UNDECLARED_SELECTOR = YES;
				GCC_WARN_UNINITIALIZED_AUTOS = YES_AGGRESSIVE;
				GCC_WARN_UNUSED_FUNCTION = YES;
				GCC_WARN_UNUSED_VARIABLE = YES;
				IPHONEOS_DEPLOYMENT_TARGET = 10.3;
				MTL_ENABLE_DEBUG_INFO = NO;
				SDKROOT = iphoneos;
				SWIFT_OPTIMIZATION_LEVEL = "-Owholemodule";
				VALIDATE_PRODUCT = YES;
			};
			name = Release;
		};
		86769F041E9F95530083EB76 /* Debug */ = {
			isa = XCBuildConfiguration;
			baseConfigurationReference = BBDE1C737084CA610A406D1B /* Pods-travel.debug.xcconfig */;
			buildSettings = {
				ASSETCATALOG_COMPILER_APPICON_NAME = AppIcon;
				CLANG_ENABLE_MODULES = YES;
				DEVELOPMENT_TEAM = 7X39ZGGNY8;
				INFOPLIST_FILE = travel/Info.plist;
				IPHONEOS_DEPLOYMENT_TARGET = 10.2;
				LD_RUNPATH_SEARCH_PATHS = "$(inherited) @executable_path/Frameworks";
				PRODUCT_BUNDLE_IDENTIFIER = com.aygen.travel;
				PRODUCT_NAME = "$(TARGET_NAME)";
				SWIFT_OPTIMIZATION_LEVEL = "-Onone";
				SWIFT_VERSION = 3.0;
			};
			name = Debug;
		};
		86769F051E9F95530083EB76 /* Release */ = {
			isa = XCBuildConfiguration;
			baseConfigurationReference = 5ACFCC483211BC349BA226B3 /* Pods-travel.release.xcconfig */;
			buildSettings = {
				ASSETCATALOG_COMPILER_APPICON_NAME = AppIcon;
				CLANG_ENABLE_MODULES = YES;
				DEVELOPMENT_TEAM = 7X39ZGGNY8;
				INFOPLIST_FILE = travel/Info.plist;
				IPHONEOS_DEPLOYMENT_TARGET = 10.2;
				LD_RUNPATH_SEARCH_PATHS = "$(inherited) @executable_path/Frameworks";
				PRODUCT_BUNDLE_IDENTIFIER = com.aygen.travel;
				PRODUCT_NAME = "$(TARGET_NAME)";
				SWIFT_VERSION = 3.0;
			};
			name = Release;
		};
/* End XCBuildConfiguration section */

/* Begin XCConfigurationList section */
		86769EE91E9F95520083EB76 /* Build configuration list for PBXProject "travel" */ = {
			isa = XCConfigurationList;
			buildConfigurations = (
				86769F011E9F95530083EB76 /* Debug */,
				86769F021E9F95530083EB76 /* Release */,
			);
			defaultConfigurationIsVisible = 0;
			defaultConfigurationName = Release;
		};
		86769F031E9F95530083EB76 /* Build configuration list for PBXNativeTarget "travel" */ = {
			isa = XCConfigurationList;
			buildConfigurations = (
				86769F041E9F95530083EB76 /* Debug */,
				86769F051E9F95530083EB76 /* Release */,
			);
			defaultConfigurationIsVisible = 0;
			defaultConfigurationName = Release;
		};
/* End XCConfigurationList section */

/* Begin XCVersionGroup section */
		86769EF81E9F95530083EB76 /* travel.xcdatamodeld */ = {
			isa = XCVersionGroup;
			children = (
				86769EF91E9F95530083EB76 /* travel.xcdatamodel */,
			);
			currentVersion = 86769EF91E9F95530083EB76 /* travel.xcdatamodel */;
			path = travel.xcdatamodeld;
			sourceTree = "<group>";
			versionGroupType = wrapper.xcdatamodel;
		};
/* End XCVersionGroup section */
	};
	rootObject = 86769EE61E9F95520083EB76 /* Project object */;
}
